
Microsoft Visual Studio Solution File, Format Version 12.00
# Visual Studio Version 17
VisualStudioVersion = 17.8.34330.188
MinimumVisualStudioVersion = 10.0.40219.1
Project("{FAE04EC0-301F-11D3-BF4B-00C04F79EFBC}") = "CIIT_NEW_WithCore", "CIIT_NEW_WithCore\CIIT_NEW_WithCore.csproj", "{DAF35B71-8588-4053-9FFF-4965DFEC21D3}"
EndProject
Global
	GlobalSection(SolutionConfigurationPlatforms) = preSolution
		Debug|Any CPU = Debug|Any CPU
		Release|Any CPU = Release|Any CPU
	EndGlobalSection
	GlobalSection(ProjectConfigurationPlatforms) = postSolution
		{DAF35B71-8588-4053-9FFF-4965DFEC21D3}.Debug|Any CPU.ActiveCfg = Debug|Any CPU
		{DAF35B71-8588-4053-9FFF-4965DFEC21D3}.Debug|Any CPU.Build.0 = Debug|Any CPU
		{DAF35B71-8588-4053-9FFF-4965DFEC21D3}.Release|Any CPU.ActiveCfg = Release|Any CPU
		{DAF35B71-8588-4053-9FFF-4965DFEC21D3}.Release|Any CPU.Build.0 = Release|Any CPU
	EndGlobalSection
	GlobalSection(SolutionProperties) = preSolution
		HideSolutionNode = FALSE
	EndGlobalSection
	GlobalSection(ExtensibilityGlobals) = postSolution
		SolutionGuid = {5866C246-CFF4-421E-95D8-D7036735F4F8}
	EndGlobalSection
EndGlobal
